
Microsoft Visual Studio Solution File, Format Version 12.00
# Visual Studio Version 17
VisualStudioVersion = 17.0.31903.59
MinimumVisualStudioVersion = 10.0.40219.1
Project("{FAE04EC0-301F-11D3-BF4B-00C04F79EFBC}") = "JagFx.Cli", "src\JagFx.Cli\JagFx.Cli.csproj", "{265D628D-19F8-45CF-8349-11E2DF96CB28}"
EndProject
Project("{FAE04EC0-301F-11D3-BF4B-00C04F79EFBC}") = "JagFx.Core", "src\JagFx.Core\JagFx.Core.csproj", "{A4C5D6E7-F8G9-0123-HIJK-LM4567890123}"
EndProject
Project("{FAE04EC0-301F-11D3-BF4B-00C04F79EFBC}") = "JagFx.Domain", "src\JagFx.Domain\JagFx.Domain.csproj", "{DA277A9C-E66E-4AEE-9D04-E00BBDA9561C}"
EndProject
Project("{FAE04EC0-301F-11D3-BF4B-00C04F79EFBC}") = "JagFx.Io", "src\JagFx.Io\JagFx.Io.csproj", "{90456C7F-91CF-4643-8542-047D617F08AE}"
EndProject
Project("{FAE04EC0-301F-11D3-BF4B-00C04F79EFBC}") = "JagFx.Synthesis", "src\JagFx.Synthesis\JagFx.Synthesis.csproj", "{05A6452C-C05C-40DF-A555-B9C1856600D2}"
EndProject
Project("{FAE04EC0-301F-11D3-BF4B-00C04F79EFBC}") = "JavaRandom", "libs\JavaRandom\JavaRandom.csproj", "{A1B2C3D4-E5F6-7890-ABCD-EF1234567891}"
EndProject
Project("{FAE04EC0-301F-11D3-BF4B-00C04F79EFBC}") = "SmartInt", "libs\SmartInt\SmartInt.csproj", "{3CFF2272-A74F-493D-A189-16BB5F9AE22D}"
EndProject
Project("{FAE04EC0-301F-11D3-BF4B-00C04F79EFBC}") = "JagFx.Io.Tests", "tests\JagFx.Io.Tests\JagFx.Io.Tests.csproj", "{E30AF335-253C-4F3E-9F9C-CDD41D454FD2}"
EndProject
Project("{FAE04EC0-301F-11D3-BF4B-00C04F79EFBC}") = "JagFx.Synthesis.Tests", "tests\JagFx.Synthesis.Tests\JagFx.Synthesis.Tests.csproj", "{901D87BC-0B29-4C2F-B44D-EBD1D179D0EC}"
EndProject
Project("{FAE04EC0-301F-11D3-BF4B-00C04F79EFBC}") = "JagFx.TestData", "tests\JagFx.TestData\JagFx.TestData.csproj", "{D7E8F9G0-H1I2-3456-JKLM-NO7890123456}"
EndProject
Project("{FAE04EC0-301F-11D3-BF4B-00C04F79EFBC}") = "SmartInt.Tests", "libs\SmartInt\tests\SmartInt.Tests.csproj", "{BC2F1A79-8C67-48B9-B138-DB87D6E8B2F9}"
EndProject
Project("{2150E333-8FDC-42A3-9474-1A3956D46DE8}") = "libs", "libs", "{B1EB69F6-FC36-443B-B5BE-AB2D21891C82}"
EndProject
Project("{2150E333-8FDC-42A3-9474-1A3956D46DE8}") = "src", "src", "{CB84E977-02EF-4003-A8FA-21185E2464FA}"
EndProject
Project("{FAE04EC0-301F-11D3-BF4B-00C04F79EFBC}") = "JagFx.Desktop", "src\JagFx.Desktop\JagFx.Desktop.csproj", "{DFCC227D-23BE-4954-85E3-F7AFEC4BFEA4}"
EndProject
Global
	GlobalSection(SolutionConfigurationPlatforms) = preSolution
		Debug|Any CPU = Debug|Any CPU
		Release|Any CPU = Release|Any CPU
	EndGlobalSection
	GlobalSection(SolutionProperties) = preSolution
		HideSolutionNode = FALSE
	EndGlobalSection
	GlobalSection(ProjectConfigurationPlatforms) = postSolution
		{265D628D-19F8-45CF-8349-11E2DF96CB28}.Debug|Any CPU.ActiveCfg = Debug|Any CPU
		{265D628D-19F8-45CF-8349-11E2DF96CB28}.Debug|Any CPU.Build.0 = Debug|Any CPU
		{265D628D-19F8-45CF-8349-11E2DF96CB28}.Release|Any CPU.ActiveCfg = Release|Any CPU
		{265D628D-19F8-45CF-8349-11E2DF96CB28}.Release|Any CPU.Build.0 = Release|Any CPU
		{A4C5D6E7-F8G9-0123-HIJK-LM4567890123}.Debug|Any CPU.ActiveCfg = Debug|Any CPU
		{A4C5D6E7-F8G9-0123-HIJK-LM4567890123}.Debug|Any CPU.Build.0 = Debug|Any CPU
		{A4C5D6E7-F8G9-0123-HIJK-LM4567890123}.Release|Any CPU.ActiveCfg = Release|Any CPU
		{A4C5D6E7-F8G9-0123-HIJK-LM4567890123}.Release|Any CPU.Build.0 = Release|Any CPU
		{DA277A9C-E66E-4AEE-9D04-E00BBDA9561C}.Debug|Any CPU.ActiveCfg = Debug|Any CPU
		{DA277A9C-E66E-4AEE-9D04-E00BBDA9561C}.Debug|Any CPU.Build.0 = Debug|Any CPU
		{DA277A9C-E66E-4AEE-9D04-E00BBDA9561C}.Release|Any CPU.ActiveCfg = Release|Any CPU
		{DA277A9C-E66E-4AEE-9D04-E00BBDA9561C}.Release|Any CPU.Build.0 = Release|Any CPU
		{90456C7F-91CF-4643-8542-047D617F08AE}.Debug|Any CPU.ActiveCfg = Debug|Any CPU
		{90456C7F-91CF-4643-8542-047D617F08AE}.Debug|Any CPU.Build.0 = Debug|Any CPU
		{90456C7F-91CF-4643-8542-047D617F08AE}.Release|Any CPU.ActiveCfg = Release|Any CPU
		{90456C7F-91CF-4643-8542-047D617F08AE}.Release|Any CPU.Build.0 = Release|Any CPU
		{05A6452C-C05C-40DF-A555-B9C1856600D2}.Debug|Any CPU.ActiveCfg = Debug|Any CPU
		{05A6452C-C05C-40DF-A555-B9C1856600D2}.Debug|Any CPU.Build.0 = Debug|Any CPU
		{05A6452C-C05C-40DF-A555-B9C1856600D2}.Release|Any CPU.ActiveCfg = Release|Any CPU
		{05A6452C-C05C-40DF-A555-B9C1856600D2}.Release|Any CPU.Build.0 = Release|Any CPU
		{B5C6D7E8-G9H0-1234-IJKL-MN5678901234}.Debug|Any CPU.ActiveCfg = Debug|Any CPU
		{B5C6D7E8-G9H0-1234-IJKL-MN5678901234}.Debug|Any CPU.Build.0 = Debug|Any CPU
		{B5C6D7E8-G9H0-1234-IJKL-MN5678901234}.Release|Any CPU.ActiveCfg = Release|Any CPU
		{B5C6D7E8-G9H0-1234-IJKL-MN5678901234}.Release|Any CPU.Build.0 = Release|Any CPU
		{E30AF335-253C-4F3E-9F9C-CDD41D454FD2}.Debug|Any CPU.ActiveCfg = Debug|Any CPU
		{E30AF335-253C-4F3E-9F9C-CDD41D454FD2}.Debug|Any CPU.Build.0 = Debug|Any CPU
		{E30AF335-253C-4F3E-9F9C-CDD41D454FD2}.Release|Any CPU.ActiveCfg = Release|Any CPU
		{E30AF335-253C-4F3E-9F9C-CDD41D454FD2}.Release|Any CPU.Build.0 = Release|Any CPU
		{901D87BC-0B29-4C2F-B44D-EBD1D179D0EC}.Debug|Any CPU.ActiveCfg = Debug|Any CPU
		{901D87BC-0B29-4C2F-B44D-EBD1D179D0EC}.Debug|Any CPU.Build.0 = Debug|Any CPU
		{901D87BC-0B29-4C2F-B44D-EBD1D179D0EC}.Release|Any CPU.ActiveCfg = Release|Any CPU
		{901D87BC-0B29-4C2F-B44D-EBD1D179D0EC}.Release|Any CPU.Build.0 = Release|Any CPU
		{D7E8F9G0-H1I2-3456-JKLM-NO7890123456}.Debug|Any CPU.ActiveCfg = Debug|Any CPU
		{D7E8F9G0-H1I2-3456-JKLM-NO7890123456}.Debug|Any CPU.Build.0 = Debug|Any CPU
		{D7E8F9G0-H1I2-3456-JKLM-NO7890123456}.Release|Any CPU.ActiveCfg = Release|Any CPU
		{D7E8F9G0-H1I2-3456-JKLM-NO7890123456}.Release|Any CPU.Build.0 = Release|Any CPU
		{A1B2C3D4-E5F6-7890-ABCD-EF1234567891}.Debug|Any CPU.ActiveCfg = Debug|Any CPU
		{A1B2C3D4-E5F6-7890-ABCD-EF1234567891}.Debug|Any CPU.Build.0 = Debug|Any CPU
		{A1B2C3D4-E5F6-7890-ABCD-EF1234567891}.Release|Any CPU.ActiveCfg = Release|Any CPU
		{A1B2C3D4-E5F6-7890-ABCD-EF1234567891}.Release|Any CPU.Build.0 = Release|Any CPU
		{3CFF2272-A74F-493D-A189-16BB5F9AE22D}.Debug|Any CPU.ActiveCfg = Debug|Any CPU
		{3CFF2272-A74F-493D-A189-16BB5F9AE22D}.Debug|Any CPU.Build.0 = Debug|Any CPU
		{3CFF2272-A74F-493D-A189-16BB5F9AE22D}.Release|Any CPU.ActiveCfg = Release|Any CPU
		{3CFF2272-A74F-493D-A189-16BB5F9AE22D}.Release|Any CPU.Build.0 = Release|Any CPU
		{BC2F1A79-8C67-48B9-B138-DB87D6E8B2F9}.Debug|Any CPU.ActiveCfg = Debug|Any CPU
		{BC2F1A79-8C67-48B9-B138-DB87D6E8B2F9}.Debug|Any CPU.Build.0 = Debug|Any CPU
		{BC2F1A79-8C67-48B9-B138-DB87D6E8B2F9}.Release|Any CPU.ActiveCfg = Release|Any CPU
		{BC2F1A79-8C67-48B9-B138-DB87D6E8B2F9}.Release|Any CPU.Build.0 = Release|Any CPU
		{DFCC227D-23BE-4954-85E3-F7AFEC4BFEA4}.Debug|Any CPU.ActiveCfg = Debug|Any CPU
		{DFCC227D-23BE-4954-85E3-F7AFEC4BFEA4}.Debug|Any CPU.Build.0 = Debug|Any CPU
		{DFCC227D-23BE-4954-85E3-F7AFEC4BFEA4}.Release|Any CPU.ActiveCfg = Release|Any CPU
		{DFCC227D-23BE-4954-85E3-F7AFEC4BFEA4}.Release|Any CPU.Build.0 = Release|Any CPU
	EndGlobalSection
	GlobalSection(NestedProjects) = preSolution
		{A1B2C3D4-E5F6-7890-ABCD-EF1234567891} = {B1EB69F6-FC36-443B-B5BE-AB2D21891C82}
		{3CFF2272-A74F-493D-A189-16BB5F9AE22D} = {B1EB69F6-FC36-443B-B5BE-AB2D21891C82}
		{BC2F1A79-8C67-48B9-B138-DB87D6E8B2F9} = {B1EB69F6-FC36-443B-B5BE-AB2D21891C82}
		{DFCC227D-23BE-4954-85E3-F7AFEC4BFEA4} = {CB84E977-02EF-4003-A8FA-21185E2464FA}
	EndGlobalSection
EndGlobal
